{
  "name": "@pequi/cli",
  "version": "0.1.0",
  "lockfileVersion": 3,
  "requires": true,
  "packages": {
    "": {
      "name": "@pequi/cli",
      "version": "0.1.0",
      "license": "MIT",
      "bin": {
        "pequi": "bin/pequi.js"
      },
      "engines": {
        "node": ">=20"
      }
    }
  }
}
